
Microsoft Visual Studio Solution File, Format Version 12.00
# Visual Studio Version 17
VisualStudioVersion = 17.8.34322.80
MinimumVisualStudioVersion = 10.0.40219.1
Project("{FAE04EC0-301F-11D3-BF4B-00C04F79EFBC}") = "AmazeCare", "AmazeCare.csproj", "{4A891BA9-F1AA-4E5C-AAAC-4A4BAD080BCB}"
EndProject
Global
	GlobalSection(SolutionConfigurationPlatforms) = preSolution
		Debug|Any CPU = Debug|Any CPU
		Release|Any CPU = Release|Any CPU
	EndGlobalSection
	GlobalSection(ProjectConfigurationPlatforms) = postSolution
		{4A891BA9-F1AA-4E5C-AAAC-4A4BAD080BCB}.Debug|Any CPU.ActiveCfg = Debug|Any CPU
		{4A891BA9-F1AA-4E5C-AAAC-4A4BAD080BCB}.Debug|Any CPU.Build.0 = Debug|Any CPU
		{4A891BA9-F1AA-4E5C-AAAC-4A4BAD080BCB}.Release|Any CPU.ActiveCfg = Release|Any CPU
		{4A891BA9-F1AA-4E5C-AAAC-4A4BAD080BCB}.Release|Any CPU.Build.0 = Release|Any CPU
	EndGlobalSection
	GlobalSection(SolutionProperties) = preSolution
		HideSolutionNode = FALSE
	EndGlobalSection
	GlobalSection(ExtensibilityGlobals) = postSolution
		SolutionGuid = {528FE7C4-7C59-4435-8860-0681A2F8D883}
	EndGlobalSection
EndGlobal
